
Microsoft Visual Studio Solution File, Format Version 12.00
# Visual Studio 15
VisualStudioVersion = 15.0.28307.489
MinimumVisualStudioVersion = 10.0.40219.1
Project("{FAE04EC0-301F-11D3-BF4B-00C04F79EFBC}") = "Practica1POOV1Part2", "Practica1POOV1Part2\Practica1POOV1Part2.csproj", "{21E6B989-9CBC-4560-A9EA-2C922F7164D4}"
EndProject
Global
	GlobalSection(SolutionConfigurationPlatforms) = preSolution
		Debug|Any CPU = Debug|Any CPU
		Release|Any CPU = Release|Any CPU
	EndGlobalSection
	GlobalSection(ProjectConfigurationPlatforms) = postSolution
		{21E6B989-9CBC-4560-A9EA-2C922F7164D4}.Debug|Any CPU.ActiveCfg = Debug|Any CPU
		{21E6B989-9CBC-4560-A9EA-2C922F7164D4}.Debug|Any CPU.Build.0 = Debug|Any CPU
		{21E6B989-9CBC-4560-A9EA-2C922F7164D4}.Release|Any CPU.ActiveCfg = Release|Any CPU
		{21E6B989-9CBC-4560-A9EA-2C922F7164D4}.Release|Any CPU.Build.0 = Release|Any CPU
	EndGlobalSection
	GlobalSection(SolutionProperties) = preSolution
		HideSolutionNode = FALSE
	EndGlobalSection
	GlobalSection(ExtensibilityGlobals) = postSolution
		SolutionGuid = {AD8F19B5-8C20-4731-ADCA-475B27E410A3}
	EndGlobalSection
EndGlobal
