
Microsoft Visual Studio Solution File, Format Version 12.00
# Visual Studio 15
VisualStudioVersion = 15.0.28307.539
MinimumVisualStudioVersion = 10.0.40219.1
Project("{F184B08F-C81C-45F6-A57F-5ABD9991F28F}") = "MaquinaDispensadora_CLASEPOO_06", "MaquinaDispensadora_CLASEPOO_06\MaquinaDispensadora_CLASEPOO_06.vbproj", "{B2703B22-7770-4A59-85E7-BEDB08D3451F}"
EndProject
Global
	GlobalSection(SolutionConfigurationPlatforms) = preSolution
		Debug|Any CPU = Debug|Any CPU
		Release|Any CPU = Release|Any CPU
	EndGlobalSection
	GlobalSection(ProjectConfigurationPlatforms) = postSolution
		{B2703B22-7770-4A59-85E7-BEDB08D3451F}.Debug|Any CPU.ActiveCfg = Debug|Any CPU
		{B2703B22-7770-4A59-85E7-BEDB08D3451F}.Debug|Any CPU.Build.0 = Debug|Any CPU
		{B2703B22-7770-4A59-85E7-BEDB08D3451F}.Release|Any CPU.ActiveCfg = Release|Any CPU
		{B2703B22-7770-4A59-85E7-BEDB08D3451F}.Release|Any CPU.Build.0 = Release|Any CPU
	EndGlobalSection
	GlobalSection(SolutionProperties) = preSolution
		HideSolutionNode = FALSE
	EndGlobalSection
	GlobalSection(ExtensibilityGlobals) = postSolution
		SolutionGuid = {64DFAB47-5CEF-40BE-A5E9-3E578E06AA45}
	EndGlobalSection
EndGlobal
