
Microsoft Visual Studio Solution File, Format Version 12.00
# Visual Studio 15
VisualStudioVersion = 15.0.28307.539
MinimumVisualStudioVersion = 10.0.40219.1
Project("{FAE04EC0-301F-11D3-BF4B-00C04F79EFBC}") = "Instituto_POO_P2", "Instituto_POO_P2\Instituto_POO_P2.csproj", "{1518F390-3FCD-475A-AD7F-5940D2B51CAA}"
EndProject
Global
	GlobalSection(SolutionConfigurationPlatforms) = preSolution
		Debug|Any CPU = Debug|Any CPU
		Release|Any CPU = Release|Any CPU
	EndGlobalSection
	GlobalSection(ProjectConfigurationPlatforms) = postSolution
		{1518F390-3FCD-475A-AD7F-5940D2B51CAA}.Debug|Any CPU.ActiveCfg = Debug|Any CPU
		{1518F390-3FCD-475A-AD7F-5940D2B51CAA}.Debug|Any CPU.Build.0 = Debug|Any CPU
		{1518F390-3FCD-475A-AD7F-5940D2B51CAA}.Release|Any CPU.ActiveCfg = Release|Any CPU
		{1518F390-3FCD-475A-AD7F-5940D2B51CAA}.Release|Any CPU.Build.0 = Release|Any CPU
	EndGlobalSection
	GlobalSection(SolutionProperties) = preSolution
		HideSolutionNode = FALSE
	EndGlobalSection
	GlobalSection(ExtensibilityGlobals) = postSolution
		SolutionGuid = {ABDD4B1D-4F49-444B-BD48-38797821B006}
	EndGlobalSection
EndGlobal
